// !$*UTF8*$!
{
	archiveVersion = 1;
	classes = {
	};
	objectVersion = 46;
	objects = {

/* Begin PBXBuildFile section */
		CD0DFBA11CC967A300EFF460 /* AppDelegate.swift in Sources */ = {isa = PBXBuildFile; fileRef = CD0DFBA01CC967A300EFF460 /* AppDelegate.swift */; };
		CD0DFBA61CC967A300EFF460 /* Main.storyboard in Resources */ = {isa = PBXBuildFile; fileRef = CD0DFBA41CC967A300EFF460 /* Main.storyboard */; };
		CD0DFBA81CC967A300EFF460 /* Assets.xcassets in Resources */ = {isa = PBXBuildFile; fileRef = CD0DFBA71CC967A300EFF460 /* Assets.xcassets */; };
		CD0DFBAB1CC967A300EFF460 /* LaunchScreen.storyboard in Resources */ = {isa = PBXBuildFile; fileRef = CD0DFBA91CC967A300EFF460 /* LaunchScreen.storyboard */; };
		CD0DFBB61CC967A300EFF460 /* TipCalculatorTests.swift in Sources */ = {isa = PBXBuildFile; fileRef = CD0DFBB51CC967A300EFF460 /* TipCalculatorTests.swift */; };
		CD0DFBC11CC967A300EFF460 /* TipCalculatorUITests.swift in Sources */ = {isa = PBXBuildFile; fileRef = CD0DFBC01CC967A300EFF460 /* TipCalculatorUITests.swift */; };
		CD0DFBCF1CC989B800EFF460 /* TipCalculatorViewController.swift in Sources */ = {isa = PBXBuildFile; fileRef = CD0DFBCE1CC989B800EFF460 /* TipCalculatorViewController.swift */; };
		CD0DFBD11CC98BA200EFF460 /* TipCalc.swift in Sources */ = {isa = PBXBuildFile; fileRef = CD0DFBD01CC98BA200EFF460 /* TipCalc.swift */; };
		CD880F021CD935ED0084882B /* Fabric.framework in Frameworks */ = {isa = PBXBuildFile; fileRef = CD880F001CD935ED0084882B /* Fabric.framework */; };
		CD880F031CD935ED0084882B /* Crashlytics.framework in Frameworks */ = {isa = PBXBuildFile; fileRef = CD880F011CD935ED0084882B /* Crashlytics.framework */; };
/* End PBXBuildFile section */

/* Begin PBXContainerItemProxy section */
		CD0DFBB21CC967A300EFF460 /* PBXContainerItemProxy */ = {
			isa = PBXContainerItemProxy;
			containerPortal = CD0DFB951CC967A300EFF460 /* Project object */;
			proxyType = 1;
			remoteGlobalIDString = CD0DFB9C1CC967A300EFF460;
			remoteInfo = TipCalculator;
		};
		CD0DFBBD1CC967A300EFF460 /* PBXContainerItemProxy */ = {
			isa = PBXContainerItemProxy;
			containerPortal = CD0DFB951CC967A300EFF460 /* Project object */;
			proxyType = 1;
			remoteGlobalIDString = CD0DFB9C1CC967A300EFF460;
			remoteInfo = TipCalculator;
		};
/* End PBXContainerItemProxy section */

/* Begin PBXFileReference section */
		CD0DFB9D1CC967A300EFF460 /* TipCalculator.app */ = {isa = PBXFileReference; explicitFileType = wrapper.application; includeInIndex = 0; path = TipCalculator.app; sourceTree = BUILT_PRODUCTS_DIR; };
		CD0DFBA01CC967A300EFF460 /* AppDelegate.swift */ = {isa = PBXFileReference; lastKnownFileType = sourcecode.swift; path = AppDelegate.swift; sourceTree = "<group>"; };
		CD0DFBA51CC967A300EFF460 /* Base */ = {isa = PBXFileReference; lastKnownFileType = file.storyboard; name = Base; path = Base.lproj/Main.storyboard; sourceTree = "<group>"; };
		CD0DFBA71CC967A300EFF460 /* Assets.xcassets */ = {isa = PBXFileReference; lastKnownFileType = folder.assetcatalog; path = Assets.xcassets; sourceTree = "<group>"; };
		CD0DFBAA1CC967A300EFF460 /* Base */ = {isa = PBXFileReference; lastKnownFileType = file.storyboard; name = Base; path = Base.lproj/LaunchScreen.storyboard; sourceTree = "<group>"; };
		CD0DFBAC1CC967A300EFF460 /* Info.plist */ = {isa = PBXFileReference; lastKnownFileType = text.plist.xml; path = Info.plist; sourceTree = "<group>"; };
		CD0DFBB11CC967A300EFF460 /* TipCalculatorTests.xctest */ = {isa = PBXFileReference; explicitFileType = wrapper.cfbundle; includeInIndex = 0; path = TipCalculatorTests.xctest; sourceTree = BUILT_PRODUCTS_DIR; };
		CD0DFBB51CC967A300EFF460 /* TipCalculatorTests.swift */ = {isa = PBXFileReference; lastKnownFileType = sourcecode.swift; path = TipCalculatorTests.swift; sourceTree = "<group>"; };
		CD0DFBB71CC967A300EFF460 /* Info.plist */ = {isa = PBXFileReference; lastKnownFileType = text.plist.xml; path = Info.plist; sourceTree = "<group>"; };
		CD0DFBBC1CC967A300EFF460 /* TipCalculatorUITests.xctest */ = {isa = PBXFileReference; explicitFileType = wrapper.cfbundle; includeInIndex = 0; path = TipCalculatorUITests.xctest; sourceTree = BUILT_PRODUCTS_DIR; };
		CD0DFBC01CC967A300EFF460 /* TipCalculatorUITests.swift */ = {isa = PBXFileReference; lastKnownFileType = sourcecode.swift; path = TipCalculatorUITests.swift; sourceTree = "<group>"; };
		CD0DFBC21CC967A300EFF460 /* Info.plist */ = {isa = PBXFileReference; lastKnownFileType = text.plist.xml; path = Info.plist; sourceTree = "<group>"; };
		CD0DFBCE1CC989B800EFF460 /* TipCalculatorViewController.swift */ = {isa = PBXFileReference; fileEncoding = 4; lastKnownFileType = sourcecode.swift; path = TipCalculatorViewController.swift; sourceTree = "<group>"; };
		CD0DFBD01CC98BA200EFF460 /* TipCalc.swift */ = {isa = PBXFileReference; fileEncoding = 4; lastKnownFileType = sourcecode.swift; path = TipCalc.swift; sourceTree = "<group>"; };
		CD880F001CD935ED0084882B /* Fabric.framework */ = {isa = PBXFileReference; lastKnownFileType = wrapper.framework; path = Fabric.framework; sourceTree = SOURCE_ROOT; };
		CD880F011CD935ED0084882B /* Crashlytics.framework */ = {isa = PBXFileReference; lastKnownFileType = wrapper.framework; path = Crashlytics.framework; sourceTree = SOURCE_ROOT; };
/* End PBXFileReference section */

/* Begin PBXFrameworksBuildPhase section */
		CD0DFB9A1CC967A300EFF460 /* Frameworks */ = {
			isa = PBXFrameworksBuildPhase;
			buildActionMask = 2147483647;
			files = (
				CD880F031CD935ED0084882B /* Crashlytics.framework in Frameworks */,
				CD880F021CD935ED0084882B /* Fabric.framework in Frameworks */,
			);
			runOnlyForDeploymentPostprocessing = 0;
		};
		CD0DFBAE1CC967A300EFF460 /* Frameworks */ = {
			isa = PBXFrameworksBuildPhase;
			buildActionMask = 2147483647;
			files = (
			);
			runOnlyForDeploymentPostprocessing = 0;
		};
		CD0DFBB91CC967A300EFF460 /* Frameworks */ = {
			isa = PBXFrameworksBuildPhase;
			buildActionMask = 2147483647;
			files = (
			);
			runOnlyForDeploymentPostprocessing = 0;
		};
/* End PBXFrameworksBuildPhase section */

/* Begin PBXGroup section */
		CD0DFB941CC967A300EFF460 = {
			isa = PBXGroup;
			children = (
				CD0DFB9F1CC967A300EFF460 /* TipCalculator */,
				CD0DFBB41CC967A300EFF460 /* TipCalculatorTests */,
				CD0DFBBF1CC967A300EFF460 /* TipCalculatorUITests */,
				CD0DFB9E1CC967A300EFF460 /* Products */,
			);
			sourceTree = "<group>";
		};
		CD0DFB9E1CC967A300EFF460 /* Products */ = {
			isa = PBXGroup;
			children = (
				CD0DFB9D1CC967A300EFF460 /* TipCalculator.app */,
				CD0DFBB11CC967A300EFF460 /* TipCalculatorTests.xctest */,
				CD0DFBBC1CC967A300EFF460 /* TipCalculatorUITests.xctest */,
			);
			name = Products;
			sourceTree = "<group>";
		};
		CD0DFB9F1CC967A300EFF460 /* TipCalculator */ = {
			isa = PBXGroup;
			children = (
				CD0DFBA01CC967A300EFF460 /* AppDelegate.swift */,
				CD0DFBCE1CC989B800EFF460 /* TipCalculatorViewController.swift */,
				CD0DFBD01CC98BA200EFF460 /* TipCalc.swift */,
				CD0DFBA41CC967A300EFF460 /* Main.storyboard */,
				CD0DFBA71CC967A300EFF460 /* Assets.xcassets */,
				CD0DFBA91CC967A300EFF460 /* LaunchScreen.storyboard */,
				CD0DFBAC1CC967A300EFF460 /* Info.plist */,
				CD880F001CD935ED0084882B /* Fabric.framework */,
				CD880F011CD935ED0084882B /* Crashlytics.framework */,
			);
			path = TipCalculator;
			sourceTree = "<group>";
		};
		CD0DFBB41CC967A300EFF460 /* TipCalculatorTests */ = {
			isa = PBXGroup;
			children = (
				CD0DFBB51CC967A300EFF460 /* TipCalculatorTests.swift */,
				CD0DFBB71CC967A300EFF460 /* Info.plist */,
			);
			path = TipCalculatorTests;
			sourceTree = "<group>";
		};
		CD0DFBBF1CC967A300EFF460 /* TipCalculatorUITests */ = {
			isa = PBXGroup;
			children = (
				CD0DFBC01CC967A300EFF460 /* TipCalculatorUITests.swift */,
				CD0DFBC21CC967A300EFF460 /* Info.plist */,
			);
			path = TipCalculatorUITests;
			sourceTree = "<group>";
		};
/* End PBXGroup section */

/* Begin PBXNativeTarget section */
		CD0DFB9C1CC967A300EFF460 /* TipCalculator */ = {
			isa = PBXNativeTarget;
			buildConfigurationList = CD0DFBC51CC967A300EFF460 /* Build configuration list for PBXNativeTarget "TipCalculator" */;
			buildPhases = (
				CD0DFB991CC967A300EFF460 /* Sources */,
				CD0DFB9A1CC967A300EFF460 /* Frameworks */,
				CD0DFB9B1CC967A300EFF460 /* Resources */,
				CD880EFF1CD935B90084882B /* ShellScript */,
			);
			buildRules = (
			);
			dependencies = (
			);
			name = TipCalculator;
			productName = TipCalculator;
			productReference = CD0DFB9D1CC967A300EFF460 /* TipCalculator.app */;
			productType = "com.apple.product-type.application";
		};
		CD0DFBB01CC967A300EFF460 /* TipCalculatorTests */ = {
			isa = PBXNativeTarget;
			buildConfigurationList = CD0DFBC81CC967A300EFF460 /* Build configuration list for PBXNativeTarget "TipCalculatorTests" */;
			buildPhases = (
				CD0DFBAD1CC967A300EFF460 /* Sources */,
				CD0DFBAE1CC967A300EFF460 /* Frameworks */,
				CD0DFBAF1CC967A300EFF460 /* Resources */,
			);
			buildRules = (
			);
			dependencies = (
				CD0DFBB31CC967A300EFF460 /* PBXTargetDependency */,
			);
			name = TipCalculatorTests;
			productName = TipCalculatorTests;
			productReference = CD0DFBB11CC967A300EFF460 /* TipCalculatorTests.xctest */;
			productType = "com.apple.product-type.bundle.unit-test";
		};
		CD0DFBBB1CC967A300EFF460 /* TipCalculatorUITests */ = {
			isa = PBXNativeTarget;
			buildConfigurationList = CD0DFBCB1CC967A300EFF460 /* Build configuration list for PBXNativeTarget "TipCalculatorUITests" */;
			buildPhases = (
				CD0DFBB81CC967A300EFF460 /* Sources */,
				CD0DFBB91CC967A300EFF460 /* Frameworks */,
				CD0DFBBA1CC967A300EFF460 /* Resources */,
			);
			buildRules = (
			);
			dependencies = (
				CD0DFBBE1CC967A300EFF460 /* PBXTargetDependency */,
			);
			name = TipCalculatorUITests;
			productName = TipCalculatorUITests;
			productReference = CD0DFBBC1CC967A300EFF460 /* TipCalculatorUITests.xctest */;
			productType = "com.apple.product-type.bundle.ui-testing";
		};
/* End PBXNativeTarget section */

/* Begin PBXProject section */
		CD0DFB951CC967A300EFF460 /* Project object */ = {
			isa = PBXProject;
			attributes = {
				LastSwiftUpdateCheck = 0710;
				LastUpgradeCheck = 0710;
				ORGANIZATIONNAME = "RJ Beeferman";
				TargetAttributes = {
					CD0DFB9C1CC967A300EFF460 = {
						CreatedOnToolsVersion = 7.1;
						DevelopmentTeam = 368SLLLCY7;
					};
					CD0DFBB01CC967A300EFF460 = {
						CreatedOnToolsVersion = 7.1;
						TestTargetID = CD0DFB9C1CC967A300EFF460;
					};
					CD0DFBBB1CC967A300EFF460 = {
						CreatedOnToolsVersion = 7.1;
						TestTargetID = CD0DFB9C1CC967A300EFF460;
					};
				};
			};
			buildConfigurationList = CD0DFB981CC967A300EFF460 /* Build configuration list for PBXProject "TipCalculator" */;
			compatibilityVersion = "Xcode 3.2";
			developmentRegion = English;
			hasScannedForEncodings = 0;
			knownRegions = (
				en,
				Base,
			);
			mainGroup = CD0DFB941CC967A300EFF460;
			productRefGroup = CD0DFB9E1CC967A300EFF460 /* Products */;
			projectDirPath = "";
			projectRoot = "";
			targets = (
				CD0DFB9C1CC967A300EFF460 /* TipCalculator */,
				CD0DFBB01CC967A300EFF460 /* TipCalculatorTests */,
				CD0DFBBB1CC967A300EFF460 /* TipCalculatorUITests */,
			);
		};
/* End PBXProject section */

/* Begin PBXResourcesBuildPhase section */
		CD0DFB9B1CC967A300EFF460 /* Resources */ = {
			isa = PBXResourcesBuildPhase;
			buildActionMask = 2147483647;
			files = (
				CD0DFBAB1CC967A300EFF460 /* LaunchScreen.storyboard in Resources */,
				CD0DFBA81CC967A300EFF460 /* Assets.xcassets in Resources */,
				CD0DFBA61CC967A300EFF460 /* Main.storyboard in Resources */,
			);
			runOnlyForDeploymentPostprocessing = 0;
		};
		CD0DFBAF1CC967A300EFF460 /* Resources */ = {
			isa = PBXResourcesBuildPhase;
			buildActionMask = 2147483647;
			files = (
			);
			runOnlyForDeploymentPostprocessing = 0;
		};
		CD0DFBBA1CC967A300EFF460 /* Resources */ = {
			isa = PBXResourcesBuildPhase;
			buildActionMask = 2147483647;
			files = (
			);
			runOnlyForDeploymentPostprocessing = 0;
		};
/* End PBXResourcesBuildPhase section */

/* Begin PBXShellScriptBuildPhase section */
		CD880EFF1CD935B90084882B /* ShellScript */ = {
			isa = PBXShellScriptBuildPhase;
			buildActionMask = 2147483647;
			files = (
			);
			inputPaths = (
			);
			outputPaths = (
			);
			runOnlyForDeploymentPostprocessing = 0;
			shellPath = /bin/sh;
			shellScript = "./Fabric.framework/run 13cb8d57dbb0fdde45cb7e75599e92a366fe0638 9e30cd7adef514687818582be4f0968c1e54a5485fedceacbc666f6d84010333";
		};
/* End PBXShellScriptBuildPhase section */

/* Begin PBXSourcesBuildPhase section */
		CD0DFB991CC967A300EFF460 /* Sources */ = {
			isa = PBXSourcesBuildPhase;
			buildActionMask = 2147483647;
			files = (
				CD0DFBD11CC98BA200EFF460 /* TipCalc.swift in Sources */,
				CD0DFBCF1CC989B800EFF460 /* TipCalculatorViewController.swift in Sources */,
				CD0DFBA11CC967A300EFF460 /* AppDelegate.swift in Sources */,
			);
			runOnlyForDeploymentPostprocessing = 0;
		};
		CD0DFBAD1CC967A300EFF460 /* Sources */ = {
			isa = PBXSourcesBuildPhase;
			buildActionMask = 2147483647;
			files = (
				CD0DFBB61CC967A300EFF460 /* TipCalculatorTests.swift in Sources */,
			);
			runOnlyForDeploymentPostprocessing = 0;
		};
		CD0DFBB81CC967A300EFF460 /* Sources */ = {
			isa = PBXSourcesBuildPhase;
			buildActionMask = 2147483647;
			files = (
				CD0DFBC11CC967A300EFF460 /* TipCalculatorUITests.swift in Sources */,
			);
			runOnlyForDeploymentPostprocessing = 0;
		};
/* End PBXSourcesBuildPhase section */

/* Begin PBXTargetDependency section */
		CD0DFBB31CC967A300EFF460 /* PBXTargetDependency */ = {
			isa = PBXTargetDependency;
			target = CD0DFB9C1CC967A300EFF460 /* TipCalculator */;
			targetProxy = CD0DFBB21CC967A300EFF460 /* PBXContainerItemProxy */;
		};
		CD0DFBBE1CC967A300EFF460 /* PBXTargetDependency */ = {
			isa = PBXTargetDependency;
			target = CD0DFB9C1CC967A300EFF460 /* TipCalculator */;
			targetProxy = CD0DFBBD1CC967A300EFF460 /* PBXContainerItemProxy */;
		};
/* End PBXTargetDependency section */

/* Begin PBXVariantGroup section */
		CD0DFBA41CC967A300EFF460 /* Main.storyboard */ = {
			isa = PBXVariantGroup;
			children = (
				CD0DFBA51CC967A300EFF460 /* Base */,
			);
			name = Main.storyboard;
			sourceTree = "<group>";
		};
		CD0DFBA91CC967A300EFF460 /* LaunchScreen.storyboard */ = {
			isa = PBXVariantGroup;
			children = (
				CD0DFBAA1CC967A300EFF460 /* Base */,
			);
			name = LaunchScreen.storyboard;
			sourceTree = "<group>";
		};
/* End PBXVariantGroup section */

/* Begin XCBuildConfiguration section */
		CD0DFBC31CC967A300EFF460 /* Debug */ = {
			isa = XCBuildConfiguration;
			buildSettings = {
				ALWAYS_SEARCH_USER_PATHS = NO;
				CLANG_CXX_LANGUAGE_STANDARD = "gnu++0x";
				CLANG_CXX_LIBRARY = "libc++";
				CLANG_ENABLE_MODULES = YES;
				CLANG_ENABLE_OBJC_ARC = YES;
				CLANG_WARN_BOOL_CONVERSION = YES;
				CLANG_WARN_CONSTANT_CONVERSION = YES;
				CLANG_WARN_DIRECT_OBJC_ISA_USAGE = YES_ERROR;
				CLANG_WARN_EMPTY_BODY = YES;
				CLANG_WARN_ENUM_CONVERSION = YES;
				CLANG_WARN_INT_CONVERSION = YES;
				CLANG_WARN_OBJC_ROOT_CLASS = YES_ERROR;
				CLANG_WARN_UNREACHABLE_CODE = YES;
				CLANG_WARN__DUPLICATE_METHOD_MATCH = YES;
				"CODE_SIGN_IDENTITY[sdk=iphoneos*]" = "iPhone Developer";
				COPY_PHASE_STRIP = NO;
				DEBUG_INFORMATION_FORMAT = dwarf;
				ENABLE_STRICT_OBJC_MSGSEND = YES;
				ENABLE_TESTABILITY = YES;
				GCC_C_LANGUAGE_STANDARD = gnu99;
				GCC_DYNAMIC_NO_PIC = NO;
				GCC_NO_COMMON_BLOCKS = YES;
				GCC_OPTIMIZATION_LEVEL = 0;
				GCC_PREPROCESSOR_DEFINITIONS = (
					"DEBUG=1",
					"$(inherited)",
				);
				GCC_WARN_64_TO_32_BIT_CONVERSION = YES;
				GCC_WARN_ABOUT_RETURN_TYPE = YES_ERROR;
				GCC_WARN_UNDECLARED_SELECTOR = YES;
				GCC_WARN_UNINITIALIZED_AUTOS = YES_AGGRESSIVE;
				GCC_WARN_UNUSED_FUNCTION = YES;
				GCC_WARN_UNUSED_VARIABLE = YES;
				IPHONEOS_DEPLOYMENT_TARGET = 9.1;
				MTL_ENABLE_DEBUG_INFO = YES;
				ONLY_ACTIVE_ARCH = YES;
				SDKROOT = iphoneos;
				SWIFT_OPTIMIZATION_LEVEL = "-Onone";
				TARGETED_DEVICE_FAMILY = "1,2";
			};
			name = Debug;
		};
		CD0DFBC41CC967A300EFF460 /* Release */ = {
			isa = XCBuildConfiguration;
			buildSettings = {
				ALWAYS_SEARCH_USER_PATHS = NO;
				CLANG_CXX_LANGUAGE_STANDARD = "gnu++0x";
				CLANG_CXX_LIBRARY = "libc++";
				CLANG_ENABLE_MODULES = YES;
				CLANG_ENABLE_OBJC_ARC = YES;
				CLANG_WARN_BOOL_CONVERSION = YES;
				CLANG_WARN_CONSTANT_CONVERSION = YES;
				CLANG_WARN_DIRECT_OBJC_ISA_USAGE = YES_ERROR;
				CLANG_WARN_EMPTY_BODY = YES;
				CLANG_WARN_ENUM_CONVERSION = YES;
				CLANG_WARN_INT_CONVERSION = YES;
				CLANG_WARN_OBJC_ROOT_CLASS = YES_ERROR;
				CLANG_WARN_UNREACHABLE_CODE = YES;
				CLANG_WARN__DUPLICATE_METHOD_MATCH = YES;
				"CODE_SIGN_IDENTITY[sdk=iphoneos*]" = "iPhone Developer";
				COPY_PHASE_STRIP = NO;
				DEBUG_INFORMATION_FORMAT = "dwarf-with-dsym";
				ENABLE_NS_ASSERTIONS = NO;
				ENABLE_STRICT_OBJC_MSGSEND = YES;
				GCC_C_LANGUAGE_STANDARD = gnu99;
				GCC_NO_COMMON_BLOCKS = YES;
				GCC_WARN_64_TO_32_BIT_CONVERSION = YES;
				GCC_WARN_ABOUT_RETURN_TYPE = YES_ERROR;
				GCC_WARN_UNDECLARED_SELECTOR = YES;
				GCC_WARN_UNINITIALIZED_AUTOS = YES_AGGRESSIVE;
				GCC_WARN_UNUSED_FUNCTION = YES;
				GCC_WARN_UNUSED_VARIABLE = YES;
				IPHONEOS_DEPLOYMENT_TARGET = 9.1;
				MTL_ENABLE_DEBUG_INFO = NO;
				SDKROOT = iphoneos;
				TARGETED_DEVICE_FAMILY = "1,2";
				VALIDATE_PRODUCT = YES;
			};
			name = Release;
		};
		CD0DFBC61CC967A300EFF460 /* Debug */ = {
			isa = XCBuildConfiguration;
			buildSettings = {
				ASSETCATALOG_COMPILER_APPICON_NAME = AppIcon;
				CODE_SIGN_IDENTITY = "iPhone Developer";
				"CODE_SIGN_IDENTITY[sdk=iphoneos*]" = "iPhone Developer";
				DEBUG_INFORMATION_FORMAT = "dwarf-with-dsym";
				FRAMEWORK_SEARCH_PATHS = (
					"$(inherited)",
					"$(PROJECT_DIR)",
				);
				INFOPLIST_FILE = TipCalculator/Info.plist;
				IPHONEOS_DEPLOYMENT_TARGET = 9.1;
				LD_RUNPATH_SEARCH_PATHS = "$(inherited) @executable_path/Frameworks";
				PRODUCT_BUNDLE_IDENTIFIER = b.TipCalculator;
				PRODUCT_NAME = "$(TARGET_NAME)";
				PROVISIONING_PROFILE = "";
				TARGETED_DEVICE_FAMILY = 1;
			};
			name = Debug;
		};
		CD0DFBC71CC967A300EFF460 /* Release */ = {
			isa = XCBuildConfiguration;
			buildSettings = {
				ASSETCATALOG_COMPILER_APPICON_NAME = AppIcon;
				CODE_SIGN_IDENTITY = "iPhone Developer";
				"CODE_SIGN_IDENTITY[sdk=iphoneos*]" = "iPhone Developer";
				DEBUG_INFORMATION_FORMAT = "dwarf-with-dsym";
				FRAMEWORK_SEARCH_PATHS = (
					"$(inherited)",
					"$(PROJECT_DIR)",
				);
				INFOPLIST_FILE = TipCalculator/Info.plist;
				IPHONEOS_DEPLOYMENT_TARGET = 9.1;
				LD_RUNPATH_SEARCH_PATHS = "$(inherited) @executable_path/Frameworks";
				PRODUCT_BUNDLE_IDENTIFIER = b.TipCalculator;
				PRODUCT_NAME = "$(TARGET_NAME)";
				PROVISIONING_PROFILE = "";
				TARGETED_DEVICE_FAMILY = 1;
			};
			name = Release;
		};
		CD0DFBC91CC967A300EFF460 /* Debug */ = {
			isa = XCBuildConfiguration;
			buildSettings = {
				BUNDLE_LOADER = "$(TEST_HOST)";
				INFOPLIST_FILE = TipCalculatorTests/Info.plist;
				LD_RUNPATH_SEARCH_PATHS = "$(inherited) @executable_path/Frameworks @loader_path/Frameworks";
				PRODUCT_BUNDLE_IDENTIFIER = b.TipCalculatorTests;
				PRODUCT_NAME = "$(TARGET_NAME)";
				TEST_HOST = "$(BUILT_PRODUCTS_DIR)/TipCalculator.app/TipCalculator";
			};
			name = Debug;
		};
		CD0DFBCA1CC967A300EFF460 /* Release */ = {
			isa = XCBuildConfiguration;
			buildSettings = {
				BUNDLE_LOADER = "$(TEST_HOST)";
				INFOPLIST_FILE = TipCalculatorTests/Info.plist;
				LD_RUNPATH_SEARCH_PATHS = "$(inherited) @executable_path/Frameworks @loader_path/Frameworks";
				PRODUCT_BUNDLE_IDENTIFIER = b.TipCalculatorTests;
				PRODUCT_NAME = "$(TARGET_NAME)";
				TEST_HOST = "$(BUILT_PRODUCTS_DIR)/TipCalculator.app/TipCalculator";
			};
			name = Release;
		};
		CD0DFBCC1CC967A300EFF460 /* Debug */ = {
			isa = XCBuildConfiguration;
			buildSettings = {
				INFOPLIST_FILE = TipCalculatorUITests/Info.plist;
				LD_RUNPATH_SEARCH_PATHS = "$(inherited) @executable_path/Frameworks @loader_path/Frameworks";
				PRODUCT_BUNDLE_IDENTIFIER = b.TipCalculatorUITests;
				PRODUCT_NAME = "$(TARGET_NAME)";
				TEST_TARGET_NAME = TipCalculator;
				USES_XCTRUNNER = YES;
			};
			name = Debug;
		};
		CD0DFBCD1CC967A300EFF460 /* Release */ = {
			isa = XCBuildConfiguration;
			buildSettings = {
				INFOPLIST_FILE = TipCalculatorUITests/Info.plist;
				LD_RUNPATH_SEARCH_PATHS = "$(inherited) @executable_path/Frameworks @loader_path/Frameworks";
				PRODUCT_BUNDLE_IDENTIFIER = b.TipCalculatorUITests;
				PRODUCT_NAME = "$(TARGET_NAME)";
				TEST_TARGET_NAME = TipCalculator;
				USES_XCTRUNNER = YES;
			};
			name = Release;
		};
/* End XCBuildConfiguration section */

/* Begin XCConfigurationList section */
		CD0DFB981CC967A300EFF460 /* Build configuration list for PBXProject "TipCalculator" */ = {
			isa = XCConfigurationList;
			buildConfigurations = (
				CD0DFBC31CC967A300EFF460 /* Debug */,
				CD0DFBC41CC967A300EFF460 /* Release */,
			);
			defaultConfigurationIsVisible = 0;
			defaultConfigurationName = Release;
		};
		CD0DFBC51CC967A300EFF460 /* Build configuration list for PBXNativeTarget "TipCalculator" */ = {
			isa = XCConfigurationList;
			buildConfigurations = (
				CD0DFBC61CC967A300EFF460 /* Debug */,
				CD0DFBC71CC967A300EFF460 /* Release */,
			);
			defaultConfigurationIsVisible = 0;
			defaultConfigurationName = Release;
		};
		CD0DFBC81CC967A300EFF460 /* Build configuration list for PBXNativeTarget "TipCalculatorTests" */ = {
			isa = XCConfigurationList;
			buildConfigurations = (
				CD0DFBC91CC967A300EFF460 /* Debug */,
				CD0DFBCA1CC967A300EFF460 /* Release */,
			);
			defaultConfigurationIsVisible = 0;
			defaultConfigurationName = Release;
		};
		CD0DFBCB1CC967A300EFF460 /* Build configuration list for PBXNativeTarget "TipCalculatorUITests" */ = {
			isa = XCConfigurationList;
			buildConfigurations = (
				CD0DFBCC1CC967A300EFF460 /* Debug */,
				CD0DFBCD1CC967A300EFF460 /* Release */,
			);
			defaultConfigurationIsVisible = 0;
			defaultConfigurationName = Release;
		};
/* End XCConfigurationList section */
	};
	rootObject = CD0DFB951CC967A300EFF460 /* Project object */;
}
